<Solution>
  <Folder Name="/src/">
    <Project Path="src/AiShop.Application/AiShop.Application.csproj" />
    <Project Path="src/AiShop.Domain/AiShop.Domain.csproj" />
    <Project Path="src/AiShop.Infrastructure/AiShop.Infrastructure.csproj" />
    <Project Path="src/AiShop.Ui/AiShop.Ui.csproj" />
  </Folder>
  <Folder Name="/tests/">
    <Project Path="tests/AiShop.Tests/AiShop.Tests.csproj" />
  </Folder>
</Solution>
